
Microsoft Visual Studio Solution File, Format Version 12.00
# Visual Studio 14
VisualStudioVersion = 14.0.23107.0
MinimumVisualStudioVersion = 10.0.40219.1
Project("{FAE04EC0-301F-11D3-BF4B-00C04F79EFBC}") = "UI", "UI\UI.csproj", "{9012992C-AF2F-4C49-84EF-4085583F9F7F}"
EndProject
Project("{FAE04EC0-301F-11D3-BF4B-00C04F79EFBC}") = "API", "API\API.csproj", "{DA92401A-84DC-4CF0-BA48-1B23F00ED1E7}"
EndProject
Global
	GlobalSection(SolutionConfigurationPlatforms) = preSolution
		Debug|Any CPU = Debug|Any CPU
		Release|Any CPU = Release|Any CPU
	EndGlobalSection
	GlobalSection(ProjectConfigurationPlatforms) = postSolution
		{9012992C-AF2F-4C49-84EF-4085583F9F7F}.Debug|Any CPU.ActiveCfg = Debug|Any CPU
		{9012992C-AF2F-4C49-84EF-4085583F9F7F}.Debug|Any CPU.Build.0 = Debug|Any CPU
		{9012992C-AF2F-4C49-84EF-4085583F9F7F}.Release|Any CPU.ActiveCfg = Release|Any CPU
		{9012992C-AF2F-4C49-84EF-4085583F9F7F}.Release|Any CPU.Build.0 = Release|Any CPU
		{DA92401A-84DC-4CF0-BA48-1B23F00ED1E7}.Debug|Any CPU.ActiveCfg = Debug|Any CPU
		{DA92401A-84DC-4CF0-BA48-1B23F00ED1E7}.Debug|Any CPU.Build.0 = Debug|Any CPU
		{DA92401A-84DC-4CF0-BA48-1B23F00ED1E7}.Release|Any CPU.ActiveCfg = Release|Any CPU
		{DA92401A-84DC-4CF0-BA48-1B23F00ED1E7}.Release|Any CPU.Build.0 = Release|Any CPU
	EndGlobalSection
	GlobalSection(SolutionProperties) = preSolution
		HideSolutionNode = FALSE
	EndGlobalSection
EndGlobal
